Microsoft Visual Studio Solution File, Format Version 12.00
# Visual Studio 15
VisualStudioVersion = 15.0.26124.0
MinimumVisualStudioVersion = 15.0.26124.0
Project("{2150E333-8FDC-42A3-9474-1A3956D46DE8}") = "src", "src", "{7309B611-FA86-4A9C-B9BE-23DC8200B440}"
EndProject
Project("{9A19103F-16F7-4668-BE54-9A1E7A4F7556}") = "IronRure", "src\IronRure\IronRure.csproj", "{E8804FD1-D64D-4780-BF0A-292C7D7E10BA}"
EndProject
Project("{2150E333-8FDC-42A3-9474-1A3956D46DE8}") = "test", "test", "{75DE4621-6B31-4E13-94BC-E34D5D65DE27}"
EndProject
Project("{9A19103F-16F7-4668-BE54-9A1E7A4F7556}") = "IronRureTests", "test\IronRureTests\IronRureTests.csproj", "{331D4B1D-99D5-4136-A6F4-3C307918466A}"
EndProject
Project("{2150E333-8FDC-42A3-9474-1A3956D46DE8}") = "bench", "bench", "{27DB6A99-06B0-4434-9CEE-F674EEDD57D5}"
EndProject
Project("{9A19103F-16F7-4668-BE54-9A1E7A4F7556}") = "Alice", "bench\Alice\Alice.csproj", "{F27894C3-16B6-40EC-8515-3C13F7077DC4}"
EndProject
Project("{2150E333-8FDC-42A3-9474-1A3956D46DE8}") = "examples", "examples", "{EC9BBF7B-294D-4391-8110-9761551D6F0A}"
EndProject
Project("{9A19103F-16F7-4668-BE54-9A1E7A4F7556}") = "grep", "examples\grep\grep.csproj", "{CA2E8F13-FCBC-4577-9C72-17B85A23C0C8}"
EndProject
Project("{9A19103F-16F7-4668-BE54-9A1E7A4F7556}") = "filtering", "examples\filtering\filtering.csproj", "{2E862603-ACE4-43D6-B133-66A04E78782E}"
EndProject
Global
	GlobalSection(SolutionConfigurationPlatforms) = preSolution
		Debug|Any CPU = Debug|Any CPU
		Debug|x64 = Debug|x64
		Debug|x86 = Debug|x86
		Release|Any CPU = Release|Any CPU
		Release|x64 = Release|x64
		Release|x86 = Release|x86
	EndGlobalSection
	GlobalSection(ProjectConfigurationPlatforms) = postSolution
		{E8804FD1-D64D-4780-BF0A-292C7D7E10BA}.Debug|Any CPU.ActiveCfg = Debug|Any CPU
		{E8804FD1-D64D-4780-BF0A-292C7D7E10BA}.Debug|Any CPU.Build.0 = Debug|Any CPU
		{E8804FD1-D64D-4780-BF0A-292C7D7E10BA}.Debug|x64.ActiveCfg = Debug|Any CPU
		{E8804FD1-D64D-4780-BF0A-292C7D7E10BA}.Debug|x64.Build.0 = Debug|Any CPU
		{E8804FD1-D64D-4780-BF0A-292C7D7E10BA}.Debug|x86.ActiveCfg = Debug|Any CPU
		{E8804FD1-D64D-4780-BF0A-292C7D7E10BA}.Debug|x86.Build.0 = Debug|Any CPU
		{E8804FD1-D64D-4780-BF0A-292C7D7E10BA}.Release|Any CPU.ActiveCfg = Release|Any CPU
		{E8804FD1-D64D-4780-BF0A-292C7D7E10BA}.Release|Any CPU.Build.0 = Release|Any CPU
		{E8804FD1-D64D-4780-BF0A-292C7D7E10BA}.Release|x64.ActiveCfg = Release|Any CPU
		{E8804FD1-D64D-4780-BF0A-292C7D7E10BA}.Release|x64.Build.0 = Release|Any CPU
		{E8804FD1-D64D-4780-BF0A-292C7D7E10BA}.Release|x86.ActiveCfg = Release|Any CPU
		{E8804FD1-D64D-4780-BF0A-292C7D7E10BA}.Release|x86.Build.0 = Release|Any CPU
		{331D4B1D-99D5-4136-A6F4-3C307918466A}.Debug|Any CPU.ActiveCfg = Debug|Any CPU
		{331D4B1D-99D5-4136-A6F4-3C307918466A}.Debug|Any CPU.Build.0 = Debug|Any CPU
		{331D4B1D-99D5-4136-A6F4-3C307918466A}.Debug|x64.ActiveCfg = Debug|Any CPU
		{331D4B1D-99D5-4136-A6F4-3C307918466A}.Debug|x64.Build.0 = Debug|Any CPU
		{331D4B1D-99D5-4136-A6F4-3C307918466A}.Debug|x86.ActiveCfg = Debug|Any CPU
		{331D4B1D-99D5-4136-A6F4-3C307918466A}.Debug|x86.Build.0 = Debug|Any CPU
		{331D4B1D-99D5-4136-A6F4-3C307918466A}.Release|Any CPU.ActiveCfg = Release|Any CPU
		{331D4B1D-99D5-4136-A6F4-3C307918466A}.Release|Any CPU.Build.0 = Release|Any CPU
		{331D4B1D-99D5-4136-A6F4-3C307918466A}.Release|x64.ActiveCfg = Release|Any CPU
		{331D4B1D-99D5-4136-A6F4-3C307918466A}.Release|x64.Build.0 = Release|Any CPU
		{331D4B1D-99D5-4136-A6F4-3C307918466A}.Release|x86.ActiveCfg = Release|Any CPU
		{331D4B1D-99D5-4136-A6F4-3C307918466A}.Release|x86.Build.0 = Release|Any CPU
		{F27894C3-16B6-40EC-8515-3C13F7077DC4}.Debug|Any CPU.ActiveCfg = Debug|Any CPU
		{F27894C3-16B6-40EC-8515-3C13F7077DC4}.Debug|Any CPU.Build.0 = Debug|Any CPU
		{F27894C3-16B6-40EC-8515-3C13F7077DC4}.Debug|x64.ActiveCfg = Debug|Any CPU
		{F27894C3-16B6-40EC-8515-3C13F7077DC4}.Debug|x64.Build.0 = Debug|Any CPU
		{F27894C3-16B6-40EC-8515-3C13F7077DC4}.Debug|x86.ActiveCfg = Debug|Any CPU
		{F27894C3-16B6-40EC-8515-3C13F7077DC4}.Debug|x86.Build.0 = Debug|Any CPU
		{F27894C3-16B6-40EC-8515-3C13F7077DC4}.Release|Any CPU.ActiveCfg = Release|Any CPU
		{F27894C3-16B6-40EC-8515-3C13F7077DC4}.Release|Any CPU.Build.0 = Release|Any CPU
		{F27894C3-16B6-40EC-8515-3C13F7077DC4}.Release|x64.ActiveCfg = Release|Any CPU
		{F27894C3-16B6-40EC-8515-3C13F7077DC4}.Release|x64.Build.0 = Release|Any CPU
		{F27894C3-16B6-40EC-8515-3C13F7077DC4}.Release|x86.ActiveCfg = Release|Any CPU
		{F27894C3-16B6-40EC-8515-3C13F7077DC4}.Release|x86.Build.0 = Release|Any CPU
		{CA2E8F13-FCBC-4577-9C72-17B85A23C0C8}.Debug|Any CPU.ActiveCfg = Debug|Any CPU
		{CA2E8F13-FCBC-4577-9C72-17B85A23C0C8}.Debug|Any CPU.Build.0 = Debug|Any CPU
		{CA2E8F13-FCBC-4577-9C72-17B85A23C0C8}.Debug|x64.ActiveCfg = Debug|Any CPU
		{CA2E8F13-FCBC-4577-9C72-17B85A23C0C8}.Debug|x64.Build.0 = Debug|Any CPU
		{CA2E8F13-FCBC-4577-9C72-17B85A23C0C8}.Debug|x86.ActiveCfg = Debug|Any CPU
		{CA2E8F13-FCBC-4577-9C72-17B85A23C0C8}.Debug|x86.Build.0 = Debug|Any CPU
		{CA2E8F13-FCBC-4577-9C72-17B85A23C0C8}.Release|Any CPU.ActiveCfg = Release|Any CPU
		{CA2E8F13-FCBC-4577-9C72-17B85A23C0C8}.Release|Any CPU.Build.0 = Release|Any CPU
		{CA2E8F13-FCBC-4577-9C72-17B85A23C0C8}.Release|x64.ActiveCfg = Release|Any CPU
		{CA2E8F13-FCBC-4577-9C72-17B85A23C0C8}.Release|x64.Build.0 = Release|Any CPU
		{CA2E8F13-FCBC-4577-9C72-17B85A23C0C8}.Release|x86.ActiveCfg = Release|Any CPU
		{CA2E8F13-FCBC-4577-9C72-17B85A23C0C8}.Release|x86.Build.0 = Release|Any CPU
		{2E862603-ACE4-43D6-B133-66A04E78782E}.Debug|Any CPU.ActiveCfg = Debug|Any CPU
		{2E862603-ACE4-43D6-B133-66A04E78782E}.Debug|Any CPU.Build.0 = Debug|Any CPU
		{2E862603-ACE4-43D6-B133-66A04E78782E}.Debug|x64.ActiveCfg = Debug|Any CPU
		{2E862603-ACE4-43D6-B133-66A04E78782E}.Debug|x64.Build.0 = Debug|Any CPU
		{2E862603-ACE4-43D6-B133-66A04E78782E}.Debug|x86.ActiveCfg = Debug|Any CPU
		{2E862603-ACE4-43D6-B133-66A04E78782E}.Debug|x86.Build.0 = Debug|Any CPU
		{2E862603-ACE4-43D6-B133-66A04E78782E}.Release|Any CPU.ActiveCfg = Release|Any CPU
		{2E862603-ACE4-43D6-B133-66A04E78782E}.Release|Any CPU.Build.0 = Release|Any CPU
		{2E862603-ACE4-43D6-B133-66A04E78782E}.Release|x64.ActiveCfg = Release|Any CPU
		{2E862603-ACE4-43D6-B133-66A04E78782E}.Release|x64.Build.0 = Release|Any CPU
		{2E862603-ACE4-43D6-B133-66A04E78782E}.Release|x86.ActiveCfg = Release|Any CPU
		{2E862603-ACE4-43D6-B133-66A04E78782E}.Release|x86.Build.0 = Release|Any CPU
	EndGlobalSection
	GlobalSection(SolutionProperties) = preSolution
		HideSolutionNode = FALSE
	EndGlobalSection
	GlobalSection(NestedProjects) = preSolution
		{E8804FD1-D64D-4780-BF0A-292C7D7E10BA} = {7309B611-FA86-4A9C-B9BE-23DC8200B440}
		{331D4B1D-99D5-4136-A6F4-3C307918466A} = {75DE4621-6B31-4E13-94BC-E34D5D65DE27}
		{F27894C3-16B6-40EC-8515-3C13F7077DC4} = {27DB6A99-06B0-4434-9CEE-F674EEDD57D5}
		{CA2E8F13-FCBC-4577-9C72-17B85A23C0C8} = {EC9BBF7B-294D-4391-8110-9761551D6F0A}
		{2E862603-ACE4-43D6-B133-66A04E78782E} = {EC9BBF7B-294D-4391-8110-9761551D6F0A}
	EndGlobalSection
	GlobalSection(ExtensibilityGlobals) = postSolution
		SolutionGuid = {9BD907D3-FD92-409E-AFF1-965D576376C0}
	EndGlobalSection
EndGlobal
