
Microsoft Visual Studio Solution File, Format Version 12.00
# Visual Studio Version 16
VisualStudioVersion = 16.6.30114.105
MinimumVisualStudioVersion = 10.0.40219.1
Project("{2150E333-8FDC-42A3-9474-1A3956D46DE8}") = "src", "src", "{D1A477A2-9F1B-4487-A07F-81A8A730C426}"
EndProject
Project("{FAE04EC0-301F-11D3-BF4B-00C04F79EFBC}") = "IronRure", "src\IronRure\IronRure.csproj", "{4295DEDD-B2F7-478E-97F8-5C03826573AE}"
EndProject
Project("{FAE04EC0-301F-11D3-BF4B-00C04F79EFBC}") = "IronRure.DropIn", "src\IronRure.DropIn\IronRure.DropIn.csproj", "{90089BB2-1219-4D78-AE26-E6B02FB7E597}"
EndProject
Project("{2150E333-8FDC-42A3-9474-1A3956D46DE8}") = "examples", "examples", "{FF32DD8C-7B66-4EC3-8CC1-4EC867701A0E}"
EndProject
Project("{FAE04EC0-301F-11D3-BF4B-00C04F79EFBC}") = "filtering", "examples\filtering\filtering.csproj", "{1D575E3D-9E0E-43F5-85C1-411C2B78E203}"
EndProject
Project("{FAE04EC0-301F-11D3-BF4B-00C04F79EFBC}") = "grep", "examples\grep\grep.csproj", "{31E7EC3D-3E89-433C-8A6D-2AD24D2386FE}"
EndProject
Project("{2150E333-8FDC-42A3-9474-1A3956D46DE8}") = "bench", "bench", "{6A47DB38-E026-40DD-AB68-465A499DFD80}"
EndProject
Project("{FAE04EC0-301F-11D3-BF4B-00C04F79EFBC}") = "Alice", "bench\Alice\Alice.csproj", "{94F57D28-06AA-4B94-A1A6-FD4585BEE7ED}"
EndProject
Project("{2150E333-8FDC-42A3-9474-1A3956D46DE8}") = "test", "test", "{4BDDC9C0-22B5-443E-BB7A-7A54E68A8687}"
EndProject
Project("{FAE04EC0-301F-11D3-BF4B-00C04F79EFBC}") = "IronRureTests", "test\IronRureTests\IronRureTests.csproj", "{49DA0211-6A95-477D-B676-2D4784458132}"
EndProject
Project("{FAE04EC0-301F-11D3-BF4B-00C04F79EFBC}") = "IronRure.DropInTests", "test\IronRure.DropInTests\IronRure.DropInTests.csproj", "{1CA5CAF1-05FB-4FC6-94F0-8E52D23F47AD}"
EndProject
Global
	GlobalSection(SolutionConfigurationPlatforms) = preSolution
		Debug|Any CPU = Debug|Any CPU
		Debug|x64 = Debug|x64
		Debug|x86 = Debug|x86
		Release|Any CPU = Release|Any CPU
		Release|x64 = Release|x64
		Release|x86 = Release|x86
	EndGlobalSection
	GlobalSection(SolutionProperties) = preSolution
		HideSolutionNode = FALSE
	EndGlobalSection
	GlobalSection(ProjectConfigurationPlatforms) = postSolution
		{4295DEDD-B2F7-478E-97F8-5C03826573AE}.Debug|Any CPU.ActiveCfg = Debug|Any CPU
		{4295DEDD-B2F7-478E-97F8-5C03826573AE}.Debug|Any CPU.Build.0 = Debug|Any CPU
		{4295DEDD-B2F7-478E-97F8-5C03826573AE}.Debug|x64.ActiveCfg = Debug|Any CPU
		{4295DEDD-B2F7-478E-97F8-5C03826573AE}.Debug|x64.Build.0 = Debug|Any CPU
		{4295DEDD-B2F7-478E-97F8-5C03826573AE}.Debug|x86.ActiveCfg = Debug|Any CPU
		{4295DEDD-B2F7-478E-97F8-5C03826573AE}.Debug|x86.Build.0 = Debug|Any CPU
		{4295DEDD-B2F7-478E-97F8-5C03826573AE}.Release|Any CPU.ActiveCfg = Release|Any CPU
		{4295DEDD-B2F7-478E-97F8-5C03826573AE}.Release|Any CPU.Build.0 = Release|Any CPU
		{4295DEDD-B2F7-478E-97F8-5C03826573AE}.Release|x64.ActiveCfg = Release|Any CPU
		{4295DEDD-B2F7-478E-97F8-5C03826573AE}.Release|x64.Build.0 = Release|Any CPU
		{4295DEDD-B2F7-478E-97F8-5C03826573AE}.Release|x86.ActiveCfg = Release|Any CPU
		{4295DEDD-B2F7-478E-97F8-5C03826573AE}.Release|x86.Build.0 = Release|Any CPU
		{90089BB2-1219-4D78-AE26-E6B02FB7E597}.Debug|Any CPU.ActiveCfg = Debug|Any CPU
		{90089BB2-1219-4D78-AE26-E6B02FB7E597}.Debug|Any CPU.Build.0 = Debug|Any CPU
		{90089BB2-1219-4D78-AE26-E6B02FB7E597}.Debug|x64.ActiveCfg = Debug|Any CPU
		{90089BB2-1219-4D78-AE26-E6B02FB7E597}.Debug|x64.Build.0 = Debug|Any CPU
		{90089BB2-1219-4D78-AE26-E6B02FB7E597}.Debug|x86.ActiveCfg = Debug|Any CPU
		{90089BB2-1219-4D78-AE26-E6B02FB7E597}.Debug|x86.Build.0 = Debug|Any CPU
		{90089BB2-1219-4D78-AE26-E6B02FB7E597}.Release|Any CPU.ActiveCfg = Release|Any CPU
		{90089BB2-1219-4D78-AE26-E6B02FB7E597}.Release|Any CPU.Build.0 = Release|Any CPU
		{90089BB2-1219-4D78-AE26-E6B02FB7E597}.Release|x64.ActiveCfg = Release|Any CPU
		{90089BB2-1219-4D78-AE26-E6B02FB7E597}.Release|x64.Build.0 = Release|Any CPU
		{90089BB2-1219-4D78-AE26-E6B02FB7E597}.Release|x86.ActiveCfg = Release|Any CPU
		{90089BB2-1219-4D78-AE26-E6B02FB7E597}.Release|x86.Build.0 = Release|Any CPU
		{1D575E3D-9E0E-43F5-85C1-411C2B78E203}.Debug|Any CPU.ActiveCfg = Debug|Any CPU
		{1D575E3D-9E0E-43F5-85C1-411C2B78E203}.Debug|Any CPU.Build.0 = Debug|Any CPU
		{1D575E3D-9E0E-43F5-85C1-411C2B78E203}.Debug|x64.ActiveCfg = Debug|Any CPU
		{1D575E3D-9E0E-43F5-85C1-411C2B78E203}.Debug|x64.Build.0 = Debug|Any CPU
		{1D575E3D-9E0E-43F5-85C1-411C2B78E203}.Debug|x86.ActiveCfg = Debug|Any CPU
		{1D575E3D-9E0E-43F5-85C1-411C2B78E203}.Debug|x86.Build.0 = Debug|Any CPU
		{1D575E3D-9E0E-43F5-85C1-411C2B78E203}.Release|Any CPU.ActiveCfg = Release|Any CPU
		{1D575E3D-9E0E-43F5-85C1-411C2B78E203}.Release|Any CPU.Build.0 = Release|Any CPU
		{1D575E3D-9E0E-43F5-85C1-411C2B78E203}.Release|x64.ActiveCfg = Release|Any CPU
		{1D575E3D-9E0E-43F5-85C1-411C2B78E203}.Release|x64.Build.0 = Release|Any CPU
		{1D575E3D-9E0E-43F5-85C1-411C2B78E203}.Release|x86.ActiveCfg = Release|Any CPU
		{1D575E3D-9E0E-43F5-85C1-411C2B78E203}.Release|x86.Build.0 = Release|Any CPU
		{31E7EC3D-3E89-433C-8A6D-2AD24D2386FE}.Debug|Any CPU.ActiveCfg = Debug|Any CPU
		{31E7EC3D-3E89-433C-8A6D-2AD24D2386FE}.Debug|Any CPU.Build.0 = Debug|Any CPU
		{31E7EC3D-3E89-433C-8A6D-2AD24D2386FE}.Debug|x64.ActiveCfg = Debug|Any CPU
		{31E7EC3D-3E89-433C-8A6D-2AD24D2386FE}.Debug|x64.Build.0 = Debug|Any CPU
		{31E7EC3D-3E89-433C-8A6D-2AD24D2386FE}.Debug|x86.ActiveCfg = Debug|Any CPU
		{31E7EC3D-3E89-433C-8A6D-2AD24D2386FE}.Debug|x86.Build.0 = Debug|Any CPU
		{31E7EC3D-3E89-433C-8A6D-2AD24D2386FE}.Release|Any CPU.ActiveCfg = Release|Any CPU
		{31E7EC3D-3E89-433C-8A6D-2AD24D2386FE}.Release|Any CPU.Build.0 = Release|Any CPU
		{31E7EC3D-3E89-433C-8A6D-2AD24D2386FE}.Release|x64.ActiveCfg = Release|Any CPU
		{31E7EC3D-3E89-433C-8A6D-2AD24D2386FE}.Release|x64.Build.0 = Release|Any CPU
		{31E7EC3D-3E89-433C-8A6D-2AD24D2386FE}.Release|x86.ActiveCfg = Release|Any CPU
		{31E7EC3D-3E89-433C-8A6D-2AD24D2386FE}.Release|x86.Build.0 = Release|Any CPU
		{94F57D28-06AA-4B94-A1A6-FD4585BEE7ED}.Debug|Any CPU.ActiveCfg = Debug|Any CPU
		{94F57D28-06AA-4B94-A1A6-FD4585BEE7ED}.Debug|Any CPU.Build.0 = Debug|Any CPU
		{94F57D28-06AA-4B94-A1A6-FD4585BEE7ED}.Debug|x64.ActiveCfg = Debug|Any CPU
		{94F57D28-06AA-4B94-A1A6-FD4585BEE7ED}.Debug|x64.Build.0 = Debug|Any CPU
		{94F57D28-06AA-4B94-A1A6-FD4585BEE7ED}.Debug|x86.ActiveCfg = Debug|Any CPU
		{94F57D28-06AA-4B94-A1A6-FD4585BEE7ED}.Debug|x86.Build.0 = Debug|Any CPU
		{94F57D28-06AA-4B94-A1A6-FD4585BEE7ED}.Release|Any CPU.ActiveCfg = Release|Any CPU
		{94F57D28-06AA-4B94-A1A6-FD4585BEE7ED}.Release|Any CPU.Build.0 = Release|Any CPU
		{94F57D28-06AA-4B94-A1A6-FD4585BEE7ED}.Release|x64.ActiveCfg = Release|Any CPU
		{94F57D28-06AA-4B94-A1A6-FD4585BEE7ED}.Release|x64.Build.0 = Release|Any CPU
		{94F57D28-06AA-4B94-A1A6-FD4585BEE7ED}.Release|x86.ActiveCfg = Release|Any CPU
		{94F57D28-06AA-4B94-A1A6-FD4585BEE7ED}.Release|x86.Build.0 = Release|Any CPU
		{49DA0211-6A95-477D-B676-2D4784458132}.Debug|Any CPU.ActiveCfg = Debug|Any CPU
		{49DA0211-6A95-477D-B676-2D4784458132}.Debug|Any CPU.Build.0 = Debug|Any CPU
		{49DA0211-6A95-477D-B676-2D4784458132}.Debug|x64.ActiveCfg = Debug|Any CPU
		{49DA0211-6A95-477D-B676-2D4784458132}.Debug|x64.Build.0 = Debug|Any CPU
		{49DA0211-6A95-477D-B676-2D4784458132}.Debug|x86.ActiveCfg = Debug|Any CPU
		{49DA0211-6A95-477D-B676-2D4784458132}.Debug|x86.Build.0 = Debug|Any CPU
		{49DA0211-6A95-477D-B676-2D4784458132}.Release|Any CPU.ActiveCfg = Release|Any CPU
		{49DA0211-6A95-477D-B676-2D4784458132}.Release|Any CPU.Build.0 = Release|Any CPU
		{49DA0211-6A95-477D-B676-2D4784458132}.Release|x64.ActiveCfg = Release|Any CPU
		{49DA0211-6A95-477D-B676-2D4784458132}.Release|x64.Build.0 = Release|Any CPU
		{49DA0211-6A95-477D-B676-2D4784458132}.Release|x86.ActiveCfg = Release|Any CPU
		{49DA0211-6A95-477D-B676-2D4784458132}.Release|x86.Build.0 = Release|Any CPU
		{1CA5CAF1-05FB-4FC6-94F0-8E52D23F47AD}.Debug|Any CPU.ActiveCfg = Debug|Any CPU
		{1CA5CAF1-05FB-4FC6-94F0-8E52D23F47AD}.Debug|Any CPU.Build.0 = Debug|Any CPU
		{1CA5CAF1-05FB-4FC6-94F0-8E52D23F47AD}.Debug|x64.ActiveCfg = Debug|Any CPU
		{1CA5CAF1-05FB-4FC6-94F0-8E52D23F47AD}.Debug|x64.Build.0 = Debug|Any CPU
		{1CA5CAF1-05FB-4FC6-94F0-8E52D23F47AD}.Debug|x86.ActiveCfg = Debug|Any CPU
		{1CA5CAF1-05FB-4FC6-94F0-8E52D23F47AD}.Debug|x86.Build.0 = Debug|Any CPU
		{1CA5CAF1-05FB-4FC6-94F0-8E52D23F47AD}.Release|Any CPU.ActiveCfg = Release|Any CPU
		{1CA5CAF1-05FB-4FC6-94F0-8E52D23F47AD}.Release|Any CPU.Build.0 = Release|Any CPU
		{1CA5CAF1-05FB-4FC6-94F0-8E52D23F47AD}.Release|x64.ActiveCfg = Release|Any CPU
		{1CA5CAF1-05FB-4FC6-94F0-8E52D23F47AD}.Release|x64.Build.0 = Release|Any CPU
		{1CA5CAF1-05FB-4FC6-94F0-8E52D23F47AD}.Release|x86.ActiveCfg = Release|Any CPU
		{1CA5CAF1-05FB-4FC6-94F0-8E52D23F47AD}.Release|x86.Build.0 = Release|Any CPU
	EndGlobalSection
	GlobalSection(NestedProjects) = preSolution
		{4295DEDD-B2F7-478E-97F8-5C03826573AE} = {D1A477A2-9F1B-4487-A07F-81A8A730C426}
		{90089BB2-1219-4D78-AE26-E6B02FB7E597} = {D1A477A2-9F1B-4487-A07F-81A8A730C426}
		{1D575E3D-9E0E-43F5-85C1-411C2B78E203} = {FF32DD8C-7B66-4EC3-8CC1-4EC867701A0E}
		{31E7EC3D-3E89-433C-8A6D-2AD24D2386FE} = {FF32DD8C-7B66-4EC3-8CC1-4EC867701A0E}
		{94F57D28-06AA-4B94-A1A6-FD4585BEE7ED} = {6A47DB38-E026-40DD-AB68-465A499DFD80}
		{49DA0211-6A95-477D-B676-2D4784458132} = {4BDDC9C0-22B5-443E-BB7A-7A54E68A8687}
		{1CA5CAF1-05FB-4FC6-94F0-8E52D23F47AD} = {4BDDC9C0-22B5-443E-BB7A-7A54E68A8687}
	EndGlobalSection
EndGlobal
